{
  "name": "n1",
  "lockfileVersion": 3,
  "requires": true,
  "packages": {
    "": {
      "dependencies": {
        "hook": "^0.1.0",
        "hooks": "^0.3.2"
      }
    },
    "node_modules/hook": {
      "version": "0.1.0",
      "resolved": "https://registry.npmjs.org/hook/-/hook-0.1.0.tgz",
      "integrity": "sha512-yw9zYnuecHBrUMpQOgLvXMtKPc8OCDRjp9+WnAh0o/uBbg+sKwDUKrfiKCd1WkcDdkNGo8UKD6Fv+gc8JfS50A==",
      "license": "MIT"
    },
    "node_modules/hooks": {
      "version": "0.3.2",
      "resolved": "https://registry.npmjs.org/hooks/-/hooks-0.3.2.tgz",
      "integrity": "sha512-TqeFzUf12rSzcbm5lUls81jimUC8TmXZ4ANPxxeeMou09hrjBcHYhAQ0WgyN5YqNCXOzz7L6xVNl/+ctFuSeOw==",
      "engines": {
        "node": ">=0.4.0"
      }
    }
  }
}
